
Microsoft Visual Studio Solution File, Format Version 12.00
# Visual Studio Version 17
VisualStudioVersion = 17.0.31903.59
MinimumVisualStudioVersion = 10.0.40219.1
Project("{FAE04EC0-301F-11D3-BF4B-00C04F79EFBC}") = "CheckOutService", "CheckOutService\CheckOutService.csproj", "{64AFC721-F62A-4E00-8935-36027562C23E}"
EndProject
Project("{FAE04EC0-301F-11D3-BF4B-00C04F79EFBC}") = "CheckOutService.Tests", "CheckOutService.Tests\CheckOutService.Tests.csproj", "{FD6A0958-0584-4CDC-ACDF-829FB7C6341D}"
EndProject
Global
	GlobalSection(SolutionConfigurationPlatforms) = preSolution
		Debug|Any CPU = Debug|Any CPU
		Release|Any CPU = Release|Any CPU
	EndGlobalSection
	GlobalSection(SolutionProperties) = preSolution
		HideSolutionNode = FALSE
	EndGlobalSection
	GlobalSection(ProjectConfigurationPlatforms) = postSolution
		{64AFC721-F62A-4E00-8935-36027562C23E}.Debug|Any CPU.ActiveCfg = Debug|Any CPU
		{64AFC721-F62A-4E00-8935-36027562C23E}.Debug|Any CPU.Build.0 = Debug|Any CPU
		{64AFC721-F62A-4E00-8935-36027562C23E}.Release|Any CPU.ActiveCfg = Release|Any CPU
		{64AFC721-F62A-4E00-8935-36027562C23E}.Release|Any CPU.Build.0 = Release|Any CPU
		{FD6A0958-0584-4CDC-ACDF-829FB7C6341D}.Debug|Any CPU.ActiveCfg = Debug|Any CPU
		{FD6A0958-0584-4CDC-ACDF-829FB7C6341D}.Debug|Any CPU.Build.0 = Debug|Any CPU
		{FD6A0958-0584-4CDC-ACDF-829FB7C6341D}.Release|Any CPU.ActiveCfg = Release|Any CPU
		{FD6A0958-0584-4CDC-ACDF-829FB7C6341D}.Release|Any CPU.Build.0 = Release|Any CPU
		{7D8DC8E1-2A8F-4ECF-AA9C-317D17111050}.Debug|Any CPU.ActiveCfg = Debug|Any CPU
		{7D8DC8E1-2A8F-4ECF-AA9C-317D17111050}.Debug|Any CPU.Build.0 = Debug|Any CPU
		{7D8DC8E1-2A8F-4ECF-AA9C-317D17111050}.Release|Any CPU.ActiveCfg = Release|Any CPU
		{7D8DC8E1-2A8F-4ECF-AA9C-317D17111050}.Release|Any CPU.Build.0 = Release|Any CPU
	EndGlobalSection
EndGlobal
