
Microsoft Visual Studio Solution File, Format Version 12.00
# Visual Studio Version 17
VisualStudioVersion = 17.0.31903.59
MinimumVisualStudioVersion = 10.0.40219.1
Project("{FAE04EC0-301F-11D3-BF4B-00C04F79EFBC}") = "ConsoleApp1", "ConsoleApp1\ConsoleApp1.csproj", "{C3B042B0-383D-4B42-A7F8-D487DB4891CE}"
EndProject
Project("{FAE04EC0-301F-11D3-BF4B-00C04F79EFBC}") = "ConsoleApp2", "ConsoleApp2\ConsoleApp2.csproj", "{0A173C06-FDF0-48FE-8654-1C7C5BDA7508}"
EndProject
Project("{FAE04EC0-301F-11D3-BF4B-00C04F79EFBC}") = "TugasPertama", "TugasPertama\TugasPertama.csproj", "{1FC46ADD-CC44-4856-B1B1-23EACB65DFF7}"
EndProject
Project("{FAE04EC0-301F-11D3-BF4B-00C04F79EFBC}") = "NumericTypes", "NumericTypes\NumericTypes.csproj", "{8A5DE842-57FA-4B15-B867-08FDD69F1442}"
EndProject
Project("{FAE04EC0-301F-11D3-BF4B-00C04F79EFBC}") = "CobaArray", "CobaArray\CobaArray.csproj", "{CD8403EE-0573-4E0A-B770-F57035773B48}"
EndProject
Global
	GlobalSection(SolutionConfigurationPlatforms) = preSolution
		Debug|Any CPU = Debug|Any CPU
		Release|Any CPU = Release|Any CPU
	EndGlobalSection
	GlobalSection(SolutionProperties) = preSolution
		HideSolutionNode = FALSE
	EndGlobalSection
	GlobalSection(ProjectConfigurationPlatforms) = postSolution
		{C3B042B0-383D-4B42-A7F8-D487DB4891CE}.Debug|Any CPU.ActiveCfg = Debug|Any CPU
		{C3B042B0-383D-4B42-A7F8-D487DB4891CE}.Debug|Any CPU.Build.0 = Debug|Any CPU
		{C3B042B0-383D-4B42-A7F8-D487DB4891CE}.Release|Any CPU.ActiveCfg = Release|Any CPU
		{C3B042B0-383D-4B42-A7F8-D487DB4891CE}.Release|Any CPU.Build.0 = Release|Any CPU
		{0A173C06-FDF0-48FE-8654-1C7C5BDA7508}.Debug|Any CPU.ActiveCfg = Debug|Any CPU
		{0A173C06-FDF0-48FE-8654-1C7C5BDA7508}.Debug|Any CPU.Build.0 = Debug|Any CPU
		{0A173C06-FDF0-48FE-8654-1C7C5BDA7508}.Release|Any CPU.ActiveCfg = Release|Any CPU
		{0A173C06-FDF0-48FE-8654-1C7C5BDA7508}.Release|Any CPU.Build.0 = Release|Any CPU
		{1FC46ADD-CC44-4856-B1B1-23EACB65DFF7}.Debug|Any CPU.ActiveCfg = Debug|Any CPU
		{1FC46ADD-CC44-4856-B1B1-23EACB65DFF7}.Debug|Any CPU.Build.0 = Debug|Any CPU
		{1FC46ADD-CC44-4856-B1B1-23EACB65DFF7}.Release|Any CPU.ActiveCfg = Release|Any CPU
		{1FC46ADD-CC44-4856-B1B1-23EACB65DFF7}.Release|Any CPU.Build.0 = Release|Any CPU
		{8A5DE842-57FA-4B15-B867-08FDD69F1442}.Debug|Any CPU.ActiveCfg = Debug|Any CPU
		{8A5DE842-57FA-4B15-B867-08FDD69F1442}.Debug|Any CPU.Build.0 = Debug|Any CPU
		{8A5DE842-57FA-4B15-B867-08FDD69F1442}.Release|Any CPU.ActiveCfg = Release|Any CPU
		{8A5DE842-57FA-4B15-B867-08FDD69F1442}.Release|Any CPU.Build.0 = Release|Any CPU
		{CD8403EE-0573-4E0A-B770-F57035773B48}.Debug|Any CPU.ActiveCfg = Debug|Any CPU
		{CD8403EE-0573-4E0A-B770-F57035773B48}.Debug|Any CPU.Build.0 = Debug|Any CPU
		{CD8403EE-0573-4E0A-B770-F57035773B48}.Release|Any CPU.ActiveCfg = Release|Any CPU
		{CD8403EE-0573-4E0A-B770-F57035773B48}.Release|Any CPU.Build.0 = Release|Any CPU
	EndGlobalSection
EndGlobal
