
Microsoft Visual Studio Solution File, Format Version 12.00
# Visual Studio Version 17
VisualStudioVersion = 17.0.31903.59
MinimumVisualStudioVersion = 10.0.40219.1
Project("{FAE04EC0-301F-11D3-BF4B-00C04F79EFBC}") = "LearningClasses", "LearningClasses\LearningClasses.csproj", "{A61A3A64-0836-430B-B641-2CCCB16D4200}"
EndProject
Project("{FAE04EC0-301F-11D3-BF4B-00C04F79EFBC}") = "Delegates", "Delegates\Delegates.csproj", "{D0CCCCB1-D973-481D-A348-5F43D0C9EDA0}"
EndProject
Project("{FAE04EC0-301F-11D3-BF4B-00C04F79EFBC}") = "Delegatess", "Delegatess\Delegatess.csproj", "{C677D11B-F250-4E3E-969F-7C391718432F}"
EndProject
Project("{FAE04EC0-301F-11D3-BF4B-00C04F79EFBC}") = "DelegatesCovariance", "DelegatesCovariance\DelegatesCovariance.csproj", "{C462306E-148C-44B6-8CE4-20DE822FFD28}"
EndProject
Project("{FAE04EC0-301F-11D3-BF4B-00C04F79EFBC}") = "DelegateContravariance", "DelegateContravariance\DelegateContravariance.csproj", "{5DA11622-0C2C-4320-9978-5F1328C73495}"
EndProject
Project("{FAE04EC0-301F-11D3-BF4B-00C04F79EFBC}") = "EventHandler", "EventHandler\EventHandler.csproj", "{173CEEA0-9AE1-41B3-9174-4278C90E1DE4}"
EndProject
Project("{FAE04EC0-301F-11D3-BF4B-00C04F79EFBC}") = "TugasKedua", "TugasKedua\TugasKedua.csproj", "{B185C966-56AB-499A-BFAA-C6F476FFAA3F}"
EndProject
Project("{FAE04EC0-301F-11D3-BF4B-00C04F79EFBC}") = "GameDomino", "GameDomino\GameDomino.csproj", "{874752A9-1AA3-4E5F-8ABD-5A2D9074B245}"
EndProject
Project("{FAE04EC0-301F-11D3-BF4B-00C04F79EFBC}") = "GameDomino2", "GameDomino2\GameDomino2.csproj", "{CE11D57B-65DC-438F-B031-6C03D1C97A51}"
EndProject
Project("{FAE04EC0-301F-11D3-BF4B-00C04F79EFBC}") = "Example", "Example\Example.csproj", "{AB59E4D7-47C0-4459-9F6E-7E8C2917F089}"
EndProject
Project("{FAE04EC0-301F-11D3-BF4B-00C04F79EFBC}") = "ObjectOrientationProgramming", "ObjectOrientationProgramming\ObjectOrientationProgramming.csproj", "{9899F833-2521-4EAE-A44B-61A3CD1E984A}"
EndProject
Project("{FAE04EC0-301F-11D3-BF4B-00C04F79EFBC}") = "Tgs", "Tgs\Tgs.csproj", "{1E286CFC-B86C-4002-9069-38C743E72163}"
EndProject
Project("{FAE04EC0-301F-11D3-BF4B-00C04F79EFBC}") = "ContohLudo", "ContohLudo\ContohLudo.csproj", "{8C0E7F6E-2AF8-4303-AB87-2993B3803A93}"
EndProject
Project("{FAE04EC0-301F-11D3-BF4B-00C04F79EFBC}") = "Ludo", "Ludo\Ludo.csproj", "{01A5E60D-3EE9-47C3-B1AD-26BE15A57549}"
EndProject
Project("{FAE04EC0-301F-11D3-BF4B-00C04F79EFBC}") = "DisposalAndGarbageColection", "DisposalAndGarbageColection\DisposalAndGarbageColection.csproj", "{3892CBE1-70C1-4EA8-B814-DCE917906BAE}"
EndProject
Project("{FAE04EC0-301F-11D3-BF4B-00C04F79EFBC}") = "BoardLudo", "BoardLudo\BoardLudo.csproj", "{5648DD3E-DE99-41A2-A30E-1CA692BAA288}"
EndProject
Project("{FAE04EC0-301F-11D3-BF4B-00C04F79EFBC}") = "LearnThread", "LearnThread\LearnThread.csproj", "{E551BD09-2C90-40F9-A07D-C5C55A28277C}"
EndProject
Project("{FAE04EC0-301F-11D3-BF4B-00C04F79EFBC}") = "LudoGemini", "LudoGemini\LudoGemini.csproj", "{62F58286-4CA8-45B8-9439-9473F612A064}"
EndProject
Project("{FAE04EC0-301F-11D3-BF4B-00C04F79EFBC}") = "StreamAndIO", "StreamAndIO\StreamAndIO.csproj", "{71F89A58-7A65-4224-AEBB-414F3E664CE3}"
EndProject
Project("{FAE04EC0-301F-11D3-BF4B-00C04F79EFBC}") = "Tugas4", "Tugas4\Tugas4.csproj", "{4C056A5E-9719-4D41-A41A-195FEDFB761D}"
EndProject
Project("{FAE04EC0-301F-11D3-BF4B-00C04F79EFBC}") = "Ludo.Tests", "Ludo.Tests\Ludo.Tests.csproj", "{FC8B2A34-4B50-42FA-A752-C9664556E0E2}"
EndProject
Project("{FAE04EC0-301F-11D3-BF4B-00C04F79EFBC}") = "SeriLogCoba", "SeriLogCoba\SeriLogCoba.csproj", "{2141B31F-6251-46C9-AFAF-7D363862C0C8}"
EndProject
Project("{FAE04EC0-301F-11D3-BF4B-00C04F79EFBC}") = "Entity Framework Demo", "Entity Framework Demo\Entity Framework Demo.csproj", "{B6E7FFDE-035B-4F7D-AD52-EA98FA07DC42}"
EndProject
Project("{FAE04EC0-301F-11D3-BF4B-00C04F79EFBC}") = "Entity Framework", "Entity Framework\Entity Framework.csproj", "{9241CA3E-A1C7-4BCE-8F51-D0D28FAFFBA6}"
EndProject
Project("{FAE04EC0-301F-11D3-BF4B-00C04F79EFBC}") = "WebAPIFaculty", "WebAPIFaculty\WebAPIFaculty.csproj", "{74CAD965-F58A-4BB6-A8F1-482BA4B5C9C8}"
EndProject
Project("{FAE04EC0-301F-11D3-BF4B-00C04F79EFBC}") = "CRUD  WebAPI", "CRUD  WebAPI\CRUD  WebAPI.csproj", "{51D511A6-AFCF-408C-B885-4D537674919F}"
EndProject
Global
	GlobalSection(SolutionConfigurationPlatforms) = preSolution
		Debug|Any CPU = Debug|Any CPU
		Release|Any CPU = Release|Any CPU
	EndGlobalSection
	GlobalSection(SolutionProperties) = preSolution
		HideSolutionNode = FALSE
	EndGlobalSection
	GlobalSection(ProjectConfigurationPlatforms) = postSolution
		{A61A3A64-0836-430B-B641-2CCCB16D4200}.Debug|Any CPU.ActiveCfg = Debug|Any CPU
		{A61A3A64-0836-430B-B641-2CCCB16D4200}.Debug|Any CPU.Build.0 = Debug|Any CPU
		{A61A3A64-0836-430B-B641-2CCCB16D4200}.Release|Any CPU.ActiveCfg = Release|Any CPU
		{A61A3A64-0836-430B-B641-2CCCB16D4200}.Release|Any CPU.Build.0 = Release|Any CPU
		{D0CCCCB1-D973-481D-A348-5F43D0C9EDA0}.Debug|Any CPU.ActiveCfg = Debug|Any CPU
		{D0CCCCB1-D973-481D-A348-5F43D0C9EDA0}.Debug|Any CPU.Build.0 = Debug|Any CPU
		{D0CCCCB1-D973-481D-A348-5F43D0C9EDA0}.Release|Any CPU.ActiveCfg = Release|Any CPU
		{D0CCCCB1-D973-481D-A348-5F43D0C9EDA0}.Release|Any CPU.Build.0 = Release|Any CPU
		{4544B707-4155-41CF-AF8F-9FE856E910F0}.Debug|Any CPU.ActiveCfg = Debug|Any CPU
		{4544B707-4155-41CF-AF8F-9FE856E910F0}.Debug|Any CPU.Build.0 = Debug|Any CPU
		{4544B707-4155-41CF-AF8F-9FE856E910F0}.Release|Any CPU.ActiveCfg = Release|Any CPU
		{4544B707-4155-41CF-AF8F-9FE856E910F0}.Release|Any CPU.Build.0 = Release|Any CPU
		{8E5FA515-5DA8-49DF-B93C-70F0CD9322B4}.Debug|Any CPU.ActiveCfg = Debug|Any CPU
		{8E5FA515-5DA8-49DF-B93C-70F0CD9322B4}.Debug|Any CPU.Build.0 = Debug|Any CPU
		{8E5FA515-5DA8-49DF-B93C-70F0CD9322B4}.Release|Any CPU.ActiveCfg = Release|Any CPU
		{8E5FA515-5DA8-49DF-B93C-70F0CD9322B4}.Release|Any CPU.Build.0 = Release|Any CPU
		{C677D11B-F250-4E3E-969F-7C391718432F}.Debug|Any CPU.ActiveCfg = Debug|Any CPU
		{C677D11B-F250-4E3E-969F-7C391718432F}.Debug|Any CPU.Build.0 = Debug|Any CPU
		{C677D11B-F250-4E3E-969F-7C391718432F}.Release|Any CPU.ActiveCfg = Release|Any CPU
		{C677D11B-F250-4E3E-969F-7C391718432F}.Release|Any CPU.Build.0 = Release|Any CPU
		{C462306E-148C-44B6-8CE4-20DE822FFD28}.Debug|Any CPU.ActiveCfg = Debug|Any CPU
		{C462306E-148C-44B6-8CE4-20DE822FFD28}.Debug|Any CPU.Build.0 = Debug|Any CPU
		{C462306E-148C-44B6-8CE4-20DE822FFD28}.Release|Any CPU.ActiveCfg = Release|Any CPU
		{C462306E-148C-44B6-8CE4-20DE822FFD28}.Release|Any CPU.Build.0 = Release|Any CPU
		{5DA11622-0C2C-4320-9978-5F1328C73495}.Debug|Any CPU.ActiveCfg = Debug|Any CPU
		{5DA11622-0C2C-4320-9978-5F1328C73495}.Debug|Any CPU.Build.0 = Debug|Any CPU
		{5DA11622-0C2C-4320-9978-5F1328C73495}.Release|Any CPU.ActiveCfg = Release|Any CPU
		{5DA11622-0C2C-4320-9978-5F1328C73495}.Release|Any CPU.Build.0 = Release|Any CPU
		{173CEEA0-9AE1-41B3-9174-4278C90E1DE4}.Debug|Any CPU.ActiveCfg = Debug|Any CPU
		{173CEEA0-9AE1-41B3-9174-4278C90E1DE4}.Debug|Any CPU.Build.0 = Debug|Any CPU
		{173CEEA0-9AE1-41B3-9174-4278C90E1DE4}.Release|Any CPU.ActiveCfg = Release|Any CPU
		{173CEEA0-9AE1-41B3-9174-4278C90E1DE4}.Release|Any CPU.Build.0 = Release|Any CPU
		{B185C966-56AB-499A-BFAA-C6F476FFAA3F}.Debug|Any CPU.ActiveCfg = Debug|Any CPU
		{B185C966-56AB-499A-BFAA-C6F476FFAA3F}.Debug|Any CPU.Build.0 = Debug|Any CPU
		{B185C966-56AB-499A-BFAA-C6F476FFAA3F}.Release|Any CPU.ActiveCfg = Release|Any CPU
		{B185C966-56AB-499A-BFAA-C6F476FFAA3F}.Release|Any CPU.Build.0 = Release|Any CPU
		{BB46D5E8-653A-42C7-9782-530559E8E8C2}.Debug|Any CPU.ActiveCfg = Debug|Any CPU
		{BB46D5E8-653A-42C7-9782-530559E8E8C2}.Debug|Any CPU.Build.0 = Debug|Any CPU
		{BB46D5E8-653A-42C7-9782-530559E8E8C2}.Release|Any CPU.ActiveCfg = Release|Any CPU
		{BB46D5E8-653A-42C7-9782-530559E8E8C2}.Release|Any CPU.Build.0 = Release|Any CPU
		{874752A9-1AA3-4E5F-8ABD-5A2D9074B245}.Debug|Any CPU.ActiveCfg = Debug|Any CPU
		{874752A9-1AA3-4E5F-8ABD-5A2D9074B245}.Debug|Any CPU.Build.0 = Debug|Any CPU
		{874752A9-1AA3-4E5F-8ABD-5A2D9074B245}.Release|Any CPU.ActiveCfg = Release|Any CPU
		{874752A9-1AA3-4E5F-8ABD-5A2D9074B245}.Release|Any CPU.Build.0 = Release|Any CPU
		{CE11D57B-65DC-438F-B031-6C03D1C97A51}.Debug|Any CPU.ActiveCfg = Debug|Any CPU
		{CE11D57B-65DC-438F-B031-6C03D1C97A51}.Debug|Any CPU.Build.0 = Debug|Any CPU
		{CE11D57B-65DC-438F-B031-6C03D1C97A51}.Release|Any CPU.ActiveCfg = Release|Any CPU
		{CE11D57B-65DC-438F-B031-6C03D1C97A51}.Release|Any CPU.Build.0 = Release|Any CPU
		{AB59E4D7-47C0-4459-9F6E-7E8C2917F089}.Debug|Any CPU.ActiveCfg = Debug|Any CPU
		{AB59E4D7-47C0-4459-9F6E-7E8C2917F089}.Debug|Any CPU.Build.0 = Debug|Any CPU
		{AB59E4D7-47C0-4459-9F6E-7E8C2917F089}.Release|Any CPU.ActiveCfg = Release|Any CPU
		{AB59E4D7-47C0-4459-9F6E-7E8C2917F089}.Release|Any CPU.Build.0 = Release|Any CPU
		{9899F833-2521-4EAE-A44B-61A3CD1E984A}.Debug|Any CPU.ActiveCfg = Debug|Any CPU
		{9899F833-2521-4EAE-A44B-61A3CD1E984A}.Debug|Any CPU.Build.0 = Debug|Any CPU
		{9899F833-2521-4EAE-A44B-61A3CD1E984A}.Release|Any CPU.ActiveCfg = Release|Any CPU
		{9899F833-2521-4EAE-A44B-61A3CD1E984A}.Release|Any CPU.Build.0 = Release|Any CPU
		{1E286CFC-B86C-4002-9069-38C743E72163}.Debug|Any CPU.ActiveCfg = Debug|Any CPU
		{1E286CFC-B86C-4002-9069-38C743E72163}.Debug|Any CPU.Build.0 = Debug|Any CPU
		{1E286CFC-B86C-4002-9069-38C743E72163}.Release|Any CPU.ActiveCfg = Release|Any CPU
		{1E286CFC-B86C-4002-9069-38C743E72163}.Release|Any CPU.Build.0 = Release|Any CPU
		{8C0E7F6E-2AF8-4303-AB87-2993B3803A93}.Debug|Any CPU.ActiveCfg = Debug|Any CPU
		{8C0E7F6E-2AF8-4303-AB87-2993B3803A93}.Debug|Any CPU.Build.0 = Debug|Any CPU
		{8C0E7F6E-2AF8-4303-AB87-2993B3803A93}.Release|Any CPU.ActiveCfg = Release|Any CPU
		{8C0E7F6E-2AF8-4303-AB87-2993B3803A93}.Release|Any CPU.Build.0 = Release|Any CPU
		{01A5E60D-3EE9-47C3-B1AD-26BE15A57549}.Debug|Any CPU.ActiveCfg = Debug|Any CPU
		{01A5E60D-3EE9-47C3-B1AD-26BE15A57549}.Debug|Any CPU.Build.0 = Debug|Any CPU
		{01A5E60D-3EE9-47C3-B1AD-26BE15A57549}.Release|Any CPU.ActiveCfg = Release|Any CPU
		{01A5E60D-3EE9-47C3-B1AD-26BE15A57549}.Release|Any CPU.Build.0 = Release|Any CPU
		{3892CBE1-70C1-4EA8-B814-DCE917906BAE}.Debug|Any CPU.ActiveCfg = Debug|Any CPU
		{3892CBE1-70C1-4EA8-B814-DCE917906BAE}.Debug|Any CPU.Build.0 = Debug|Any CPU
		{3892CBE1-70C1-4EA8-B814-DCE917906BAE}.Release|Any CPU.ActiveCfg = Release|Any CPU
		{3892CBE1-70C1-4EA8-B814-DCE917906BAE}.Release|Any CPU.Build.0 = Release|Any CPU
		{5648DD3E-DE99-41A2-A30E-1CA692BAA288}.Debug|Any CPU.ActiveCfg = Debug|Any CPU
		{5648DD3E-DE99-41A2-A30E-1CA692BAA288}.Debug|Any CPU.Build.0 = Debug|Any CPU
		{5648DD3E-DE99-41A2-A30E-1CA692BAA288}.Release|Any CPU.ActiveCfg = Release|Any CPU
		{5648DD3E-DE99-41A2-A30E-1CA692BAA288}.Release|Any CPU.Build.0 = Release|Any CPU
		{E551BD09-2C90-40F9-A07D-C5C55A28277C}.Debug|Any CPU.ActiveCfg = Debug|Any CPU
		{E551BD09-2C90-40F9-A07D-C5C55A28277C}.Debug|Any CPU.Build.0 = Debug|Any CPU
		{E551BD09-2C90-40F9-A07D-C5C55A28277C}.Release|Any CPU.ActiveCfg = Release|Any CPU
		{E551BD09-2C90-40F9-A07D-C5C55A28277C}.Release|Any CPU.Build.0 = Release|Any CPU
		{62F58286-4CA8-45B8-9439-9473F612A064}.Debug|Any CPU.ActiveCfg = Debug|Any CPU
		{62F58286-4CA8-45B8-9439-9473F612A064}.Debug|Any CPU.Build.0 = Debug|Any CPU
		{62F58286-4CA8-45B8-9439-9473F612A064}.Release|Any CPU.ActiveCfg = Release|Any CPU
		{62F58286-4CA8-45B8-9439-9473F612A064}.Release|Any CPU.Build.0 = Release|Any CPU
		{71F89A58-7A65-4224-AEBB-414F3E664CE3}.Debug|Any CPU.ActiveCfg = Debug|Any CPU
		{71F89A58-7A65-4224-AEBB-414F3E664CE3}.Debug|Any CPU.Build.0 = Debug|Any CPU
		{71F89A58-7A65-4224-AEBB-414F3E664CE3}.Release|Any CPU.ActiveCfg = Release|Any CPU
		{71F89A58-7A65-4224-AEBB-414F3E664CE3}.Release|Any CPU.Build.0 = Release|Any CPU
		{4C056A5E-9719-4D41-A41A-195FEDFB761D}.Debug|Any CPU.ActiveCfg = Debug|Any CPU
		{4C056A5E-9719-4D41-A41A-195FEDFB761D}.Debug|Any CPU.Build.0 = Debug|Any CPU
		{4C056A5E-9719-4D41-A41A-195FEDFB761D}.Release|Any CPU.ActiveCfg = Release|Any CPU
		{4C056A5E-9719-4D41-A41A-195FEDFB761D}.Release|Any CPU.Build.0 = Release|Any CPU
		{B2E3C185-9AEB-442B-B48B-B3DE1C7782F0}.Debug|Any CPU.ActiveCfg = Debug|Any CPU
		{B2E3C185-9AEB-442B-B48B-B3DE1C7782F0}.Debug|Any CPU.Build.0 = Debug|Any CPU
		{B2E3C185-9AEB-442B-B48B-B3DE1C7782F0}.Release|Any CPU.ActiveCfg = Release|Any CPU
		{B2E3C185-9AEB-442B-B48B-B3DE1C7782F0}.Release|Any CPU.Build.0 = Release|Any CPU
		{FC8B2A34-4B50-42FA-A752-C9664556E0E2}.Debug|Any CPU.ActiveCfg = Debug|Any CPU
		{FC8B2A34-4B50-42FA-A752-C9664556E0E2}.Debug|Any CPU.Build.0 = Debug|Any CPU
		{FC8B2A34-4B50-42FA-A752-C9664556E0E2}.Release|Any CPU.ActiveCfg = Release|Any CPU
		{FC8B2A34-4B50-42FA-A752-C9664556E0E2}.Release|Any CPU.Build.0 = Release|Any CPU
		{78A006BA-5323-4EE6-853B-FDCE91081187}.Debug|Any CPU.ActiveCfg = Debug|Any CPU
		{78A006BA-5323-4EE6-853B-FDCE91081187}.Debug|Any CPU.Build.0 = Debug|Any CPU
		{78A006BA-5323-4EE6-853B-FDCE91081187}.Release|Any CPU.ActiveCfg = Release|Any CPU
		{78A006BA-5323-4EE6-853B-FDCE91081187}.Release|Any CPU.Build.0 = Release|Any CPU
		{2141B31F-6251-46C9-AFAF-7D363862C0C8}.Debug|Any CPU.ActiveCfg = Debug|Any CPU
		{2141B31F-6251-46C9-AFAF-7D363862C0C8}.Debug|Any CPU.Build.0 = Debug|Any CPU
		{2141B31F-6251-46C9-AFAF-7D363862C0C8}.Release|Any CPU.ActiveCfg = Release|Any CPU
		{2141B31F-6251-46C9-AFAF-7D363862C0C8}.Release|Any CPU.Build.0 = Release|Any CPU
		{B6E7FFDE-035B-4F7D-AD52-EA98FA07DC42}.Debug|Any CPU.ActiveCfg = Debug|Any CPU
		{B6E7FFDE-035B-4F7D-AD52-EA98FA07DC42}.Debug|Any CPU.Build.0 = Debug|Any CPU
		{B6E7FFDE-035B-4F7D-AD52-EA98FA07DC42}.Release|Any CPU.ActiveCfg = Release|Any CPU
		{B6E7FFDE-035B-4F7D-AD52-EA98FA07DC42}.Release|Any CPU.Build.0 = Release|Any CPU
		{9241CA3E-A1C7-4BCE-8F51-D0D28FAFFBA6}.Debug|Any CPU.ActiveCfg = Debug|Any CPU
		{9241CA3E-A1C7-4BCE-8F51-D0D28FAFFBA6}.Debug|Any CPU.Build.0 = Debug|Any CPU
		{9241CA3E-A1C7-4BCE-8F51-D0D28FAFFBA6}.Release|Any CPU.ActiveCfg = Release|Any CPU
		{9241CA3E-A1C7-4BCE-8F51-D0D28FAFFBA6}.Release|Any CPU.Build.0 = Release|Any CPU
		{74CAD965-F58A-4BB6-A8F1-482BA4B5C9C8}.Debug|Any CPU.ActiveCfg = Debug|Any CPU
		{74CAD965-F58A-4BB6-A8F1-482BA4B5C9C8}.Debug|Any CPU.Build.0 = Debug|Any CPU
		{74CAD965-F58A-4BB6-A8F1-482BA4B5C9C8}.Release|Any CPU.ActiveCfg = Release|Any CPU
		{74CAD965-F58A-4BB6-A8F1-482BA4B5C9C8}.Release|Any CPU.Build.0 = Release|Any CPU
		{51D511A6-AFCF-408C-B885-4D537674919F}.Debug|Any CPU.ActiveCfg = Debug|Any CPU
		{51D511A6-AFCF-408C-B885-4D537674919F}.Debug|Any CPU.Build.0 = Debug|Any CPU
		{51D511A6-AFCF-408C-B885-4D537674919F}.Release|Any CPU.ActiveCfg = Release|Any CPU
		{51D511A6-AFCF-408C-B885-4D537674919F}.Release|Any CPU.Build.0 = Release|Any CPU
	EndGlobalSection
EndGlobal
